
Microsoft Visual Studio Solution File, Format Version 12.00
# Visual Studio Version 17
VisualStudioVersion = 17.14.36616.10 d17.14
MinimumVisualStudioVersion = 10.0.40219.1
Project("{FAE04EC0-301F-11D3-BF4B-00C04F79EFBC}") = "ATM_Simulator", "ATM_Simulator\ATM_Simulator.csproj", "{DE574537-7695-430A-94A1-CCF88B2D3633}"
EndProject
Global
	GlobalSection(SolutionConfigurationPlatforms) = preSolution
		Debug|Any CPU = Debug|Any CPU
		Release|Any CPU = Release|Any CPU
	EndGlobalSection
	GlobalSection(ProjectConfigurationPlatforms) = postSolution
		{DE574537-7695-430A-94A1-CCF88B2D3633}.Debug|Any CPU.ActiveCfg = Debug|Any CPU
		{DE574537-7695-430A-94A1-CCF88B2D3633}.Debug|Any CPU.Build.0 = Debug|Any CPU
		{DE574537-7695-430A-94A1-CCF88B2D3633}.Release|Any CPU.ActiveCfg = Release|Any CPU
		{DE574537-7695-430A-94A1-CCF88B2D3633}.Release|Any CPU.Build.0 = Release|Any CPU
	EndGlobalSection
	GlobalSection(SolutionProperties) = preSolution
		HideSolutionNode = FALSE
	EndGlobalSection
	GlobalSection(ExtensibilityGlobals) = postSolution
		SolutionGuid = {54757790-4E3A-42EB-849B-02CEAB4C6F44}
	EndGlobalSection
EndGlobal
